
Microsoft Visual Studio Solution File, Format Version 12.00
# Visual Studio Version 17
VisualStudioVersion = 17.6.33723.286
MinimumVisualStudioVersion = 10.0.40219.1
Project("{FAE04EC0-301F-11D3-BF4B-00C04F79EFBC}") = "Phils-Lending-Library", "Phils-Lending-Library\Phils-Lending-Library.csproj", "{BF3FCD19-5514-417F-980E-B049E7EB3729}"
EndProject
Project("{FAE04EC0-301F-11D3-BF4B-00C04F79EFBC}") = "TestLibrary", "TestLibrary\TestLibrary.csproj", "{209AAF92-050D-4CB2-A886-178A3073D3A9}"
EndProject
Global
	GlobalSection(SolutionConfigurationPlatforms) = preSolution
		Debug|Any CPU = Debug|Any CPU
		Release|Any CPU = Release|Any CPU
	EndGlobalSection
	GlobalSection(ProjectConfigurationPlatforms) = postSolution
		{BF3FCD19-5514-417F-980E-B049E7EB3729}.Debug|Any CPU.ActiveCfg = Debug|Any CPU
		{BF3FCD19-5514-417F-980E-B049E7EB3729}.Debug|Any CPU.Build.0 = Debug|Any CPU
		{BF3FCD19-5514-417F-980E-B049E7EB3729}.Release|Any CPU.ActiveCfg = Release|Any CPU
		{BF3FCD19-5514-417F-980E-B049E7EB3729}.Release|Any CPU.Build.0 = Release|Any CPU
		{209AAF92-050D-4CB2-A886-178A3073D3A9}.Debug|Any CPU.ActiveCfg = Debug|Any CPU
		{209AAF92-050D-4CB2-A886-178A3073D3A9}.Debug|Any CPU.Build.0 = Debug|Any CPU
		{209AAF92-050D-4CB2-A886-178A3073D3A9}.Release|Any CPU.ActiveCfg = Release|Any CPU
		{209AAF92-050D-4CB2-A886-178A3073D3A9}.Release|Any CPU.Build.0 = Release|Any CPU
	EndGlobalSection
	GlobalSection(SolutionProperties) = preSolution
		HideSolutionNode = FALSE
	EndGlobalSection
	GlobalSection(ExtensibilityGlobals) = postSolution
		SolutionGuid = {D61AE5E7-DE56-4A86-9CA8-DBB55FBD8CB7}
	EndGlobalSection
EndGlobal
